// !$*UTF8*$!
{
	archiveVersion = 1;
	classes = {
	};
	objectVersion = 50;
	objects = {

/* Begin PBXBuildFile section */
		0450CCBE25493D8C00688000 /* AVFoundation.framework in Frameworks */ = {isa = PBXBuildFile; fileRef = 0450CCBD25493D8C00688000 /* AVFoundation.framework */; };
		0450CCC0254963C200688000 /* MusicPlayerPresenter.swift in Sources */ = {isa = PBXBuildFile; fileRef = 0450CCBF254963C200688000 /* MusicPlayerPresenter.swift */; };
		0450CCC4254979FB00688000 /* MusicPlayerObserverPresenter.swift in Sources */ = {isa = PBXBuildFile; fileRef = 0450CCC3254979FB00688000 /* MusicPlayerObserverPresenter.swift */; };
		04D234D32547C39A00E70BE5 /* AppDelegate.swift in Sources */ = {isa = PBXBuildFile; fileRef = 04D234D22547C39A00E70BE5 /* AppDelegate.swift */; };
		04D234D72547C39A00E70BE5 /* ViewController.swift in Sources */ = {isa = PBXBuildFile; fileRef = 04D234D62547C39A00E70BE5 /* ViewController.swift */; };
		04D234DA2547C39A00E70BE5 /* Main.storyboard in Resources */ = {isa = PBXBuildFile; fileRef = 04D234D82547C39A00E70BE5 /* Main.storyboard */; };
		04D234DC2547C39F00E70BE5 /* Assets.xcassets in Resources */ = {isa = PBXBuildFile; fileRef = 04D234DB2547C39F00E70BE5 /* Assets.xcassets */; };
		04D234DF2547C39F00E70BE5 /* LaunchScreen.storyboard in Resources */ = {isa = PBXBuildFile; fileRef = 04D234DD2547C39F00E70BE5 /* LaunchScreen.storyboard */; };
		04D234ED2547C87E00E70BE5 /* MusicPlayerRule.swift in Sources */ = {isa = PBXBuildFile; fileRef = 04D234EC2547C87E00E70BE5 /* MusicPlayerRule.swift */; };
		04D234EF2547F60C00E70BE5 /* MusicPlayer.swift in Sources */ = {isa = PBXBuildFile; fileRef = 04D234EE2547F60C00E70BE5 /* MusicPlayer.swift */; };
/* End PBXBuildFile section */

/* Begin PBXFileReference section */
		0450CCBD25493D8C00688000 /* AVFoundation.framework */ = {isa = PBXFileReference; lastKnownFileType = wrapper.framework; name = AVFoundation.framework; path = System/Library/Frameworks/AVFoundation.framework; sourceTree = SDKROOT; };
		0450CCBF254963C200688000 /* MusicPlayerPresenter.swift */ = {isa = PBXFileReference; lastKnownFileType = sourcecode.swift; path = MusicPlayerPresenter.swift; sourceTree = "<group>"; };
		0450CCC3254979FB00688000 /* MusicPlayerObserverPresenter.swift */ = {isa = PBXFileReference; lastKnownFileType = sourcecode.swift; path = MusicPlayerObserverPresenter.swift; sourceTree = "<group>"; };
		04D234CF2547C39A00E70BE5 /* music player.app */ = {isa = PBXFileReference; explicitFileType = wrapper.application; includeInIndex = 0; path = "music player.app"; sourceTree = BUILT_PRODUCTS_DIR; };
		04D234D22547C39A00E70BE5 /* AppDelegate.swift */ = {isa = PBXFileReference; lastKnownFileType = sourcecode.swift; path = AppDelegate.swift; sourceTree = "<group>"; };
		04D234D62547C39A00E70BE5 /* ViewController.swift */ = {isa = PBXFileReference; lastKnownFileType = sourcecode.swift; path = ViewController.swift; sourceTree = "<group>"; };
		04D234D92547C39A00E70BE5 /* Base */ = {isa = PBXFileReference; lastKnownFileType = file.storyboard; name = Base; path = Base.lproj/Main.storyboard; sourceTree = "<group>"; };
		04D234DB2547C39F00E70BE5 /* Assets.xcassets */ = {isa = PBXFileReference; lastKnownFileType = folder.assetcatalog; path = Assets.xcassets; sourceTree = "<group>"; };
		04D234DE2547C39F00E70BE5 /* Base */ = {isa = PBXFileReference; lastKnownFileType = file.storyboard; name = Base; path = Base.lproj/LaunchScreen.storyboard; sourceTree = "<group>"; };
		04D234E02547C39F00E70BE5 /* Info.plist */ = {isa = PBXFileReference; lastKnownFileType = text.plist.xml; path = Info.plist; sourceTree = "<group>"; };
		04D234EC2547C87E00E70BE5 /* MusicPlayerRule.swift */ = {isa = PBXFileReference; lastKnownFileType = sourcecode.swift; path = MusicPlayerRule.swift; sourceTree = "<group>"; };
		04D234EE2547F60C00E70BE5 /* MusicPlayer.swift */ = {isa = PBXFileReference; lastKnownFileType = sourcecode.swift; path = MusicPlayer.swift; sourceTree = "<group>"; };
/* End PBXFileReference section */

/* Begin PBXFrameworksBuildPhase section */
		04D234CC2547C39A00E70BE5 /* Frameworks */ = {
			isa = PBXFrameworksBuildPhase;
			buildActionMask = 2147483647;
			files = (
				0450CCBE25493D8C00688000 /* AVFoundation.framework in Frameworks */,
			);
			runOnlyForDeploymentPostprocessing = 0;
		};
/* End PBXFrameworksBuildPhase section */

/* Begin PBXGroup section */
		0450CCBC25493D8C00688000 /* Frameworks */ = {
			isa = PBXGroup;
			children = (
				0450CCBD25493D8C00688000 /* AVFoundation.framework */,
			);
			name = Frameworks;
			sourceTree = "<group>";
		};
		04D234C62547C39A00E70BE5 = {
			isa = PBXGroup;
			children = (
				04D234D12547C39A00E70BE5 /* music player */,
				04D234D02547C39A00E70BE5 /* Products */,
				0450CCBC25493D8C00688000 /* Frameworks */,
			);
			sourceTree = "<group>";
		};
		04D234D02547C39A00E70BE5 /* Products */ = {
			isa = PBXGroup;
			children = (
				04D234CF2547C39A00E70BE5 /* music player.app */,
			);
			name = Products;
			sourceTree = "<group>";
		};
		04D234D12547C39A00E70BE5 /* music player */ = {
			isa = PBXGroup;
			children = (
				04D234E62547C60400E70BE5 /* MusicPlayer */,
				04D234D22547C39A00E70BE5 /* AppDelegate.swift */,
				04D234D62547C39A00E70BE5 /* ViewController.swift */,
				04D234D82547C39A00E70BE5 /* Main.storyboard */,
				04D234DB2547C39F00E70BE5 /* Assets.xcassets */,
				04D234DD2547C39F00E70BE5 /* LaunchScreen.storyboard */,
				04D234E02547C39F00E70BE5 /* Info.plist */,
			);
			path = "music player";
			sourceTree = "<group>";
		};
		04D234E62547C60400E70BE5 /* MusicPlayer */ = {
			isa = PBXGroup;
			children = (
				04D234EC2547C87E00E70BE5 /* MusicPlayerRule.swift */,
				04D234EE2547F60C00E70BE5 /* MusicPlayer.swift */,
				0450CCBF254963C200688000 /* MusicPlayerPresenter.swift */,
				0450CCC3254979FB00688000 /* MusicPlayerObserverPresenter.swift */,
			);
			path = MusicPlayer;
			sourceTree = "<group>";
		};
/* End PBXGroup section */

/* Begin PBXNativeTarget section */
		04D234CE2547C39A00E70BE5 /* music player */ = {
			isa = PBXNativeTarget;
			buildConfigurationList = 04D234E32547C39F00E70BE5 /* Build configuration list for PBXNativeTarget "music player" */;
			buildPhases = (
				04D234CB2547C39A00E70BE5 /* Sources */,
				04D234CC2547C39A00E70BE5 /* Frameworks */,
				04D234CD2547C39A00E70BE5 /* Resources */,
			);
			buildRules = (
			);
			dependencies = (
			);
			name = "music player";
			productName = "music player";
			productReference = 04D234CF2547C39A00E70BE5 /* music player.app */;
			productType = "com.apple.product-type.application";
		};
/* End PBXNativeTarget section */

/* Begin PBXProject section */
		04D234C72547C39A00E70BE5 /* Project object */ = {
			isa = PBXProject;
			attributes = {
				LastSwiftUpdateCheck = 1170;
				LastUpgradeCheck = 1170;
				ORGANIZATIONNAME = test;
				TargetAttributes = {
					04D234CE2547C39A00E70BE5 = {
						CreatedOnToolsVersion = 11.7;
					};
				};
			};
			buildConfigurationList = 04D234CA2547C39A00E70BE5 /* Build configuration list for PBXProject "music player" */;
			compatibilityVersion = "Xcode 9.3";
			developmentRegion = en;
			hasScannedForEncodings = 0;
			knownRegions = (
				en,
				Base,
			);
			mainGroup = 04D234C62547C39A00E70BE5;
			productRefGroup = 04D234D02547C39A00E70BE5 /* Products */;
			projectDirPath = "";
			projectRoot = "";
			targets = (
				04D234CE2547C39A00E70BE5 /* music player */,
			);
		};
/* End PBXProject section */

/* Begin PBXResourcesBuildPhase section */
		04D234CD2547C39A00E70BE5 /* Resources */ = {
			isa = PBXResourcesBuildPhase;
			buildActionMask = 2147483647;
			files = (
				04D234DF2547C39F00E70BE5 /* LaunchScreen.storyboard in Resources */,
				04D234DC2547C39F00E70BE5 /* Assets.xcassets in Resources */,
				04D234DA2547C39A00E70BE5 /* Main.storyboard in Resources */,
			);
			runOnlyForDeploymentPostprocessing = 0;
		};
/* End PBXResourcesBuildPhase section */

/* Begin PBXSourcesBuildPhase section */
		04D234CB2547C39A00E70BE5 /* Sources */ = {
			isa = PBXSourcesBuildPhase;
			buildActionMask = 2147483647;
			files = (
				04D234D72547C39A00E70BE5 /* ViewController.swift in Sources */,
				0450CCC4254979FB00688000 /* MusicPlayerObserverPresenter.swift in Sources */,
				04D234D32547C39A00E70BE5 /* AppDelegate.swift in Sources */,
				04D234EF2547F60C00E70BE5 /* MusicPlayer.swift in Sources */,
				0450CCC0254963C200688000 /* MusicPlayerPresenter.swift in Sources */,
				04D234ED2547C87E00E70BE5 /* MusicPlayerRule.swift in Sources */,
			);
			runOnlyForDeploymentPostprocessing = 0;
		};
/* End PBXSourcesBuildPhase section */

/* Begin PBXVariantGroup section */
		04D234D82547C39A00E70BE5 /* Main.storyboard */ = {
			isa = PBXVariantGroup;
			children = (
				04D234D92547C39A00E70BE5 /* Base */,
			);
			name = Main.storyboard;
			sourceTree = "<group>";
		};
		04D234DD2547C39F00E70BE5 /* LaunchScreen.storyboard */ = {
			isa = PBXVariantGroup;
			children = (
				04D234DE2547C39F00E70BE5 /* Base */,
			);
			name = LaunchScreen.storyboard;
			sourceTree = "<group>";
		};
/* End PBXVariantGroup section */

/* Begin XCBuildConfiguration section */
		04D234E12547C39F00E70BE5 /* Debug */ = {
			isa = XCBuildConfiguration;
			buildSettings = {
				ALWAYS_SEARCH_USER_PATHS = NO;
				CLANG_ANALYZER_NONNULL = YES;
				CLANG_ANALYZER_NUMBER_OBJECT_CONVERSION = YES_AGGRESSIVE;
				CLANG_CXX_LANGUAGE_STANDARD = "gnu++14";
				CLANG_CXX_LIBRARY = "libc++";
				CLANG_ENABLE_MODULES = YES;
				CLANG_ENABLE_OBJC_ARC = YES;
				CLANG_ENABLE_OBJC_WEAK = YES;
				CLANG_WARN_BLOCK_CAPTURE_AUTORELEASING = YES;
				CLANG_WARN_BOOL_CONVERSION = YES;
				CLANG_WARN_COMMA = YES;
				CLANG_WARN_CONSTANT_CONVERSION = YES;
				CLANG_WARN_DEPRECATED_OBJC_IMPLEMENTATIONS = YES;
				CLANG_WARN_DIRECT_OBJC_ISA_USAGE = YES_ERROR;
				CLANG_WARN_DOCUMENTATION_COMMENTS = YES;
				CLANG_WARN_EMPTY_BODY = YES;
				CLANG_WARN_ENUM_CONVERSION = YES;
				CLANG_WARN_INFINITE_RECURSION = YES;
				CLANG_WARN_INT_CONVERSION = YES;
				CLANG_WARN_NON_LITERAL_NULL_CONVERSION = YES;
				CLANG_WARN_OBJC_IMPLICIT_RETAIN_SELF = YES;
				CLANG_WARN_OBJC_LITERAL_CONVERSION = YES;
				CLANG_WARN_OBJC_ROOT_CLASS = YES_ERROR;
				CLANG_WARN_RANGE_LOOP_ANALYSIS = YES;
				CLANG_WARN_STRICT_PROTOTYPES = YES;
				CLANG_WARN_SUSPICIOUS_MOVE = YES;
				CLANG_WARN_UNGUARDED_AVAILABILITY = YES_AGGRESSIVE;
				CLANG_WARN_UNREACHABLE_CODE = YES;
				CLANG_WARN__DUPLICATE_METHOD_MATCH = YES;
				COPY_PHASE_STRIP = NO;
				DEBUG_INFORMATION_FORMAT = dwarf;
				ENABLE_STRICT_OBJC_MSGSEND = YES;
				ENABLE_TESTABILITY = YES;
				GCC_C_LANGUAGE_STANDARD = gnu11;
				GCC_DYNAMIC_NO_PIC = NO;
				GCC_NO_COMMON_BLOCKS = YES;
				GCC_OPTIMIZATION_LEVEL = 0;
				GCC_PREPROCESSOR_DEFINITIONS = (
					"DEBUG=1",
					"$(inherited)",
				);
				GCC_WARN_64_TO_32_BIT_CONVERSION = YES;
				GCC_WARN_ABOUT_RETURN_TYPE = YES_ERROR;
				GCC_WARN_UNDECLARED_SELECTOR = YES;
				GCC_WARN_UNINITIALIZED_AUTOS = YES_AGGRESSIVE;
				GCC_WARN_UNUSED_FUNCTION = YES;
				GCC_WARN_UNUSED_VARIABLE = YES;
				IPHONEOS_DEPLOYMENT_TARGET = 13.7;
				MTL_ENABLE_DEBUG_INFO = INCLUDE_SOURCE;
				MTL_FAST_MATH = YES;
				ONLY_ACTIVE_ARCH = YES;
				SDKROOT = iphoneos;
				SWIFT_ACTIVE_COMPILATION_CONDITIONS = DEBUG;
				SWIFT_OPTIMIZATION_LEVEL = "-Onone";
			};
			name = Debug;
		};
		04D234E22547C39F00E70BE5 /* Release */ = {
			isa = XCBuildConfiguration;
			buildSettings = {
				ALWAYS_SEARCH_USER_PATHS = NO;
				CLANG_ANALYZER_NONNULL = YES;
				CLANG_ANALYZER_NUMBER_OBJECT_CONVERSION = YES_AGGRESSIVE;
				CLANG_CXX_LANGUAGE_STANDARD = "gnu++14";
				CLANG_CXX_LIBRARY = "libc++";
				CLANG_ENABLE_MODULES = YES;
				CLANG_ENABLE_OBJC_ARC = YES;
				CLANG_ENABLE_OBJC_WEAK = YES;
				CLANG_WARN_BLOCK_CAPTURE_AUTORELEASING = YES;
				CLANG_WARN_BOOL_CONVERSION = YES;
				CLANG_WARN_COMMA = YES;
				CLANG_WARN_CONSTANT_CONVERSION = YES;
				CLANG_WARN_DEPRECATED_OBJC_IMPLEMENTATIONS = YES;
				CLANG_WARN_DIRECT_OBJC_ISA_USAGE = YES_ERROR;
				CLANG_WARN_DOCUMENTATION_COMMENTS = YES;
				CLANG_WARN_EMPTY_BODY = YES;
				CLANG_WARN_ENUM_CONVERSION = YES;
				CLANG_WARN_INFINITE_RECURSION = YES;
				CLANG_WARN_INT_CONVERSION = YES;
				CLANG_WARN_NON_LITERAL_NULL_CONVERSION = YES;
				CLANG_WARN_OBJC_IMPLICIT_RETAIN_SELF = YES;
				CLANG_WARN_OBJC_LITERAL_CONVERSION = YES;
				CLANG_WARN_OBJC_ROOT_CLASS = YES_ERROR;
				CLANG_WARN_RANGE_LOOP_ANALYSIS = YES;
				CLANG_WARN_STRICT_PROTOTYPES = YES;
				CLANG_WARN_SUSPICIOUS_MOVE = YES;
				CLANG_WARN_UNGUARDED_AVAILABILITY = YES_AGGRESSIVE;
				CLANG_WARN_UNREACHABLE_CODE = YES;
				CLANG_WARN__DUPLICATE_METHOD_MATCH = YES;
				COPY_PHASE_STRIP = NO;
				DEBUG_INFORMATION_FORMAT = "dwarf-with-dsym";
				ENABLE_NS_ASSERTIONS = NO;
				ENABLE_STRICT_OBJC_MSGSEND = YES;
				GCC_C_LANGUAGE_STANDARD = gnu11;
				GCC_NO_COMMON_BLOCKS = YES;
				GCC_WARN_64_TO_32_BIT_CONVERSION = YES;
				GCC_WARN_ABOUT_RETURN_TYPE = YES_ERROR;
				GCC_WARN_UNDECLARED_SELECTOR = YES;
				GCC_WARN_UNINITIALIZED_AUTOS = YES_AGGRESSIVE;
				GCC_WARN_UNUSED_FUNCTION = YES;
				GCC_WARN_UNUSED_VARIABLE = YES;
				IPHONEOS_DEPLOYMENT_TARGET = 13.7;
				MTL_ENABLE_DEBUG_INFO = NO;
				MTL_FAST_MATH = YES;
				SDKROOT = iphoneos;
				SWIFT_COMPILATION_MODE = wholemodule;
				SWIFT_OPTIMIZATION_LEVEL = "-O";
				VALIDATE_PRODUCT = YES;
			};
			name = Release;
		};
		04D234E42547C39F00E70BE5 /* Debug */ = {
			isa = XCBuildConfiguration;
			buildSettings = {
				ASSETCATALOG_COMPILER_APPICON_NAME = AppIcon;
				CODE_SIGN_STYLE = Automatic;
				DEVELOPMENT_TEAM = 696BHPW9KB;
				INFOPLIST_FILE = "music player/Info.plist";
				IPHONEOS_DEPLOYMENT_TARGET = 10.0;
				LD_RUNPATH_SEARCH_PATHS = (
					"$(inherited)",
					"@executable_path/Frameworks",
				);
				PRODUCT_BUNDLE_IDENTIFIER = "test.music-player-jan";
				PRODUCT_NAME = "$(TARGET_NAME)";
				SWIFT_VERSION = 5.0;
				TARGETED_DEVICE_FAMILY = "1,2";
			};
			name = Debug;
		};
		04D234E52547C39F00E70BE5 /* Release */ = {
			isa = XCBuildConfiguration;
			buildSettings = {
				ASSETCATALOG_COMPILER_APPICON_NAME = AppIcon;
				CODE_SIGN_STYLE = Automatic;
				DEVELOPMENT_TEAM = 696BHPW9KB;
				INFOPLIST_FILE = "music player/Info.plist";
				IPHONEOS_DEPLOYMENT_TARGET = 10.0;
				LD_RUNPATH_SEARCH_PATHS = (
					"$(inherited)",
					"@executable_path/Frameworks",
				);
				PRODUCT_BUNDLE_IDENTIFIER = "test.music-player-jan";
				PRODUCT_NAME = "$(TARGET_NAME)";
				SWIFT_VERSION = 5.0;
				TARGETED_DEVICE_FAMILY = "1,2";
			};
			name = Release;
		};
/* End XCBuildConfiguration section */

/* Begin XCConfigurationList section */
		04D234CA2547C39A00E70BE5 /* Build configuration list for PBXProject "music player" */ = {
			isa = XCConfigurationList;
			buildConfigurations = (
				04D234E12547C39F00E70BE5 /* Debug */,
				04D234E22547C39F00E70BE5 /* Release */,
			);
			defaultConfigurationIsVisible = 0;
			defaultConfigurationName = Release;
		};
		04D234E32547C39F00E70BE5 /* Build configuration list for PBXNativeTarget "music player" */ = {
			isa = XCConfigurationList;
			buildConfigurations = (
				04D234E42547C39F00E70BE5 /* Debug */,
				04D234E52547C39F00E70BE5 /* Release */,
			);
			defaultConfigurationIsVisible = 0;
			defaultConfigurationName = Release;
		};
/* End XCConfigurationList section */
	};
	rootObject = 04D234C72547C39A00E70BE5 /* Project object */;
}
